// !$*UTF8*$!
{
	archiveVersion = 1;
	classes = {
	};
	objectVersion = 46;
	objects = {

/* Begin PBXBuildFile section */
		00AE64381E84DED500E14E2A /* main.m in Sources */ = {isa = PBXBuildFile; fileRef = 00AE64371E84DED500E14E2A /* main.m */; };
		00AE643B1E84DED500E14E2A /* AppDelegate.m in Sources */ = {isa = PBXBuildFile; fileRef = 00AE643A1E84DED500E14E2A /* AppDelegate.m */; };
		00AE643E1E84DED500E14E2A /* ViewController.m in Sources */ = {isa = PBXBuildFile; fileRef = 00AE643D1E84DED500E14E2A /* ViewController.m */; };
		00AE64411E84DED500E14E2A /* Main.storyboard in Resources */ = {isa = PBXBuildFile; fileRef = 00AE643F1E84DED500E14E2A /* Main.storyboard */; };
		00AE64431E84DED500E14E2A /* Assets.xcassets in Resources */ = {isa = PBXBuildFile; fileRef = 00AE64421E84DED500E14E2A /* Assets.xcassets */; };
		00AE64461E84DED500E14E2A /* LaunchScreen.storyboard in Resources */ = {isa = PBXBuildFile; fileRef = 00AE64441E84DED500E14E2A /* LaunchScreen.storyboard */; };
		29C8D20DCE0E30B2AD88E373 /* libPods-CCStat.a in Frameworks */ = {isa = PBXBuildFile; fileRef = A8373B193FBFAC1D21A207E3 /* libPods-CCStat.a */; };
/* End PBXBuildFile section */

/* Begin PBXFileReference section */
		00AE64331E84DED500E14E2A /* CCStat.app */ = {isa = PBXFileReference; explicitFileType = wrapper.application; includeInIndex = 0; path = CCStat.app; sourceTree = BUILT_PRODUCTS_DIR; };
		00AE64371E84DED500E14E2A /* main.m */ = {isa = PBXFileReference; lastKnownFileType = sourcecode.c.objc; path = main.m; sourceTree = "<group>"; };
		00AE64391E84DED500E14E2A /* AppDelegate.h */ = {isa = PBXFileReference; lastKnownFileType = sourcecode.c.h; path = AppDelegate.h; sourceTree = "<group>"; };
		00AE643A1E84DED500E14E2A /* AppDelegate.m */ = {isa = PBXFileReference; lastKnownFileType = sourcecode.c.objc; path = AppDelegate.m; sourceTree = "<group>"; };
		00AE643C1E84DED500E14E2A /* ViewController.h */ = {isa = PBXFileReference; lastKnownFileType = sourcecode.c.h; path = ViewController.h; sourceTree = "<group>"; };
		00AE643D1E84DED500E14E2A /* ViewController.m */ = {isa = PBXFileReference; lastKnownFileType = sourcecode.c.objc; path = ViewController.m; sourceTree = "<group>"; };
		00AE64401E84DED500E14E2A /* Base */ = {isa = PBXFileReference; lastKnownFileType = file.storyboard; name = Base; path = Base.lproj/Main.storyboard; sourceTree = "<group>"; };
		00AE64421E84DED500E14E2A /* Assets.xcassets */ = {isa = PBXFileReference; lastKnownFileType = folder.assetcatalog; path = Assets.xcassets; sourceTree = "<group>"; };
		00AE64451E84DED500E14E2A /* Base */ = {isa = PBXFileReference; lastKnownFileType = file.storyboard; name = Base; path = Base.lproj/LaunchScreen.storyboard; sourceTree = "<group>"; };
		00AE64471E84DED500E14E2A /* Info.plist */ = {isa = PBXFileReference; lastKnownFileType = text.plist.xml; path = Info.plist; sourceTree = "<group>"; };
		1036228CD93B22EC8B9CBDB2 /* Pods-CCStat.debug.xcconfig */ = {isa = PBXFileReference; includeInIndex = 1; lastKnownFileType = text.xcconfig; name = "Pods-CCStat.debug.xcconfig"; path = "Pods/Target Support Files/Pods-CCStat/Pods-CCStat.debug.xcconfig"; sourceTree = "<group>"; };
		80B49F1E5E286F798B3683FA /* Pods-CCStat.release.xcconfig */ = {isa = PBXFileReference; includeInIndex = 1; lastKnownFileType = text.xcconfig; name = "Pods-CCStat.release.xcconfig"; path = "Pods/Target Support Files/Pods-CCStat/Pods-CCStat.release.xcconfig"; sourceTree = "<group>"; };
		A8373B193FBFAC1D21A207E3 /* libPods-CCStat.a */ = {isa = PBXFileReference; explicitFileType = archive.ar; includeInIndex = 0; path = "libPods-CCStat.a"; sourceTree = BUILT_PRODUCTS_DIR; };
/* End PBXFileReference section */

/* Begin PBXFrameworksBuildPhase section */
		00AE64301E84DED500E14E2A /* Frameworks */ = {
			isa = PBXFrameworksBuildPhase;
			buildActionMask = 2147483647;
			files = (
				29C8D20DCE0E30B2AD88E373 /* libPods-CCStat.a in Frameworks */,
			);
			runOnlyForDeploymentPostprocessing = 0;
		};
/* End PBXFrameworksBuildPhase section */

/* Begin PBXGroup section */
		00AE642A1E84DED500E14E2A = {
			isa = PBXGroup;
			children = (
				00AE64351E84DED500E14E2A /* CCStat */,
				00AE64341E84DED500E14E2A /* Products */,
				F834A5A341922A6E79E16972 /* Pods */,
				F89C7A664A87E01947729C8E /* Frameworks */,
			);
			sourceTree = "<group>";
		};
		00AE64341E84DED500E14E2A /* Products */ = {
			isa = PBXGroup;
			children = (
				00AE64331E84DED500E14E2A /* CCStat.app */,
			);
			name = Products;
			sourceTree = "<group>";
		};
		00AE64351E84DED500E14E2A /* CCStat */ = {
			isa = PBXGroup;
			children = (
				00AE64391E84DED500E14E2A /* AppDelegate.h */,
				00AE643A1E84DED500E14E2A /* AppDelegate.m */,
				00AE643C1E84DED500E14E2A /* ViewController.h */,
				00AE643D1E84DED500E14E2A /* ViewController.m */,
				00AE643F1E84DED500E14E2A /* Main.storyboard */,
				00AE64421E84DED500E14E2A /* Assets.xcassets */,
				00AE64441E84DED500E14E2A /* LaunchScreen.storyboard */,
				00AE64471E84DED500E14E2A /* Info.plist */,
				00AE64361E84DED500E14E2A /* Supporting Files */,
			);
			path = CCStat;
			sourceTree = "<group>";
		};
		00AE64361E84DED500E14E2A /* Supporting Files */ = {
			isa = PBXGroup;
			children = (
				00AE64371E84DED500E14E2A /* main.m */,
			);
			name = "Supporting Files";
			sourceTree = "<group>";
		};
		F834A5A341922A6E79E16972 /* Pods */ = {
			isa = PBXGroup;
			children = (
				1036228CD93B22EC8B9CBDB2 /* Pods-CCStat.debug.xcconfig */,
				80B49F1E5E286F798B3683FA /* Pods-CCStat.release.xcconfig */,
			);
			name = Pods;
			sourceTree = "<group>";
		};
		F89C7A664A87E01947729C8E /* Frameworks */ = {
			isa = PBXGroup;
			children = (
				A8373B193FBFAC1D21A207E3 /* libPods-CCStat.a */,
			);
			name = Frameworks;
			sourceTree = "<group>";
		};
/* End PBXGroup section */

/* Begin PBXNativeTarget section */
		00AE64321E84DED500E14E2A /* CCStat */ = {
			isa = PBXNativeTarget;
			buildConfigurationList = 00AE644A1E84DED500E14E2A /* Build configuration list for PBXNativeTarget "CCStat" */;
			buildPhases = (
				B2E53DBB611D7F6E2A545F70 /* [CP] Check Pods Manifest.lock */,
				00AE642F1E84DED500E14E2A /* Sources */,
				00AE64301E84DED500E14E2A /* Frameworks */,
				00AE64311E84DED500E14E2A /* Resources */,
				1D26D03416311481930DD834 /* [CP] Embed Pods Frameworks */,
				F6F6D00DCB3CF9F3C3CEEDC2 /* [CP] Copy Pods Resources */,
			);
			buildRules = (
			);
			dependencies = (
			);
			name = CCStat;
			productName = CCStat;
			productReference = 00AE64331E84DED500E14E2A /* CCStat.app */;
			productType = "com.apple.product-type.application";
		};
/* End PBXNativeTarget section */

/* Begin PBXProject section */
		00AE642B1E84DED500E14E2A /* Project object */ = {
			isa = PBXProject;
			attributes = {
				LastUpgradeCheck = 0820;
				ORGANIZATIONNAME = "cc | ccworld1000@gmail.com";
				TargetAttributes = {
					00AE64321E84DED500E14E2A = {
						CreatedOnToolsVersion = 8.2.1;
						ProvisioningStyle = Automatic;
					};
				};
			};
			buildConfigurationList = 00AE642E1E84DED500E14E2A /* Build configuration list for PBXProject "CCStat" */;
			compatibilityVersion = "Xcode 3.2";
			developmentRegion = English;
			hasScannedForEncodings = 0;
			knownRegions = (
				en,
				Base,
			);
			mainGroup = 00AE642A1E84DED500E14E2A;
			productRefGroup = 00AE64341E84DED500E14E2A /* Products */;
			projectDirPath = "";
			projectRoot = "";
			targets = (
				00AE64321E84DED500E14E2A /* CCStat */,
			);
		};
/* End PBXProject section */

/* Begin PBXResourcesBuildPhase section */
		00AE64311E84DED500E14E2A /* Resources */ = {
			isa = PBXResourcesBuildPhase;
			buildActionMask = 2147483647;
			files = (
				00AE64461E84DED500E14E2A /* LaunchScreen.storyboard in Resources */,
				00AE64431E84DED500E14E2A /* Assets.xcassets in Resources */,
				00AE64411E84DED500E14E2A /* Main.storyboard in Resources */,
			);
			runOnlyForDeploymentPostprocessing = 0;
		};
/* End PBXResourcesBuildPhase section */

/* Begin PBXShellScriptBuildPhase section */
		1D26D03416311481930DD834 /* [CP] Embed Pods Frameworks */ = {
			isa = PBXShellScriptBuildPhase;
			buildActionMask = 2147483647;
			files = (
			);
			inputPaths = (
			);
			name = "[CP] Embed Pods Frameworks";
			outputPaths = (
			);
			runOnlyForDeploymentPostprocessing = 0;
			shellPath = /bin/sh;
			shellScript = "\"${SRCROOT}/Pods/Target Support Files/Pods-CCStat/Pods-CCStat-frameworks.sh\"\n";
			showEnvVarsInLog = 0;
		};
		B2E53DBB611D7F6E2A545F70 /* [CP] Check Pods Manifest.lock */ = {
			isa = PBXShellScriptBuildPhase;
			buildActionMask = 2147483647;
			files = (
			);
			inputPaths = (
			);
			name = "[CP] Check Pods Manifest.lock";
			outputPaths = (
			);
			runOnlyForDeploymentPostprocessing = 0;
			shellPath = /bin/sh;
			shellScript = "diff \"${PODS_ROOT}/../Podfile.lock\" \"${PODS_ROOT}/Manifest.lock\" > /dev/null\nif [ $? != 0 ] ; then\n    # print error to STDERR\n    echo \"error: The sandbox is not in sync with the Podfile.lock. Run 'pod install' or update your CocoaPods installation.\" >&2\n    exit 1\nfi\n";
			showEnvVarsInLog = 0;
		};
		F6F6D00DCB3CF9F3C3CEEDC2 /* [CP] Copy Pods Resources */ = {
			isa = PBXShellScriptBuildPhase;
			buildActionMask = 2147483647;
			files = (
			);
			inputPaths = (
			);
			name = "[CP] Copy Pods Resources";
			outputPaths = (
			);
			runOnlyForDeploymentPostprocessing = 0;
			shellPath = /bin/sh;
			shellScript = "\"${SRCROOT}/Pods/Target Support Files/Pods-CCStat/Pods-CCStat-resources.sh\"\n";
			showEnvVarsInLog = 0;
		};
/* End PBXShellScriptBuildPhase section */

/* Begin PBXSourcesBuildPhase section */
		00AE642F1E84DED500E14E2A /* Sources */ = {
			isa = PBXSourcesBuildPhase;
			buildActionMask = 2147483647;
			files = (
				00AE643E1E84DED500E14E2A /* ViewController.m in Sources */,
				00AE643B1E84DED500E14E2A /* AppDelegate.m in Sources */,
				00AE64381E84DED500E14E2A /* main.m in Sources */,
			);
			runOnlyForDeploymentPostprocessing = 0;
		};
/* End PBXSourcesBuildPhase section */

/* Begin PBXVariantGroup section */
		00AE643F1E84DED500E14E2A /* Main.storyboard */ = {
			isa = PBXVariantGroup;
			children = (
				00AE64401E84DED500E14E2A /* Base */,
			);
			name = Main.storyboard;
			sourceTree = "<group>";
		};
		00AE64441E84DED500E14E2A /* LaunchScreen.storyboard */ = {
			isa = PBXVariantGroup;
			children = (
				00AE64451E84DED500E14E2A /* Base */,
			);
			name = LaunchScreen.storyboard;
			sourceTree = "<group>";
		};
/* End PBXVariantGroup section */

/* Begin XCBuildConfiguration section */
		00AE64481E84DED500E14E2A /* Debug */ = {
			isa = XCBuildConfiguration;
			buildSettings = {
				ALWAYS_SEARCH_USER_PATHS = NO;
				CLANG_ANALYZER_NONNULL = YES;
				CLANG_CXX_LANGUAGE_STANDARD = "gnu++0x";
				CLANG_CXX_LIBRARY = "libc++";
				CLANG_ENABLE_MODULES = YES;
				CLANG_ENABLE_OBJC_ARC = YES;
				CLANG_WARN_BOOL_CONVERSION = YES;
				CLANG_WARN_CONSTANT_CONVERSION = YES;
				CLANG_WARN_DIRECT_OBJC_ISA_USAGE = YES_ERROR;
				CLANG_WARN_DOCUMENTATION_COMMENTS = YES;
				CLANG_WARN_EMPTY_BODY = YES;
				CLANG_WARN_ENUM_CONVERSION = YES;
				CLANG_WARN_INFINITE_RECURSION = YES;
				CLANG_WARN_INT_CONVERSION = YES;
				CLANG_WARN_OBJC_ROOT_CLASS = YES_ERROR;
				CLANG_WARN_SUSPICIOUS_MOVE = YES;
				CLANG_WARN_UNREACHABLE_CODE = YES;
				CLANG_WARN__DUPLICATE_METHOD_MATCH = YES;
				"CODE_SIGN_IDENTITY[sdk=iphoneos*]" = "iPhone Developer";
				COPY_PHASE_STRIP = NO;
				DEBUG_INFORMATION_FORMAT = dwarf;
				ENABLE_STRICT_OBJC_MSGSEND = YES;
				ENABLE_TESTABILITY = YES;
				GCC_C_LANGUAGE_STANDARD = gnu99;
				GCC_DYNAMIC_NO_PIC = NO;
				GCC_NO_COMMON_BLOCKS = YES;
				GCC_OPTIMIZATION_LEVEL = 0;
				GCC_PREPROCESSOR_DEFINITIONS = (
					"DEBUG=1",
					"$(inherited)",
				);
				GCC_WARN_64_TO_32_BIT_CONVERSION = YES;
				GCC_WARN_ABOUT_RETURN_TYPE = YES_ERROR;
				GCC_WARN_UNDECLARED_SELECTOR = YES;
				GCC_WARN_UNINITIALIZED_AUTOS = YES_AGGRESSIVE;
				GCC_WARN_UNUSED_FUNCTION = YES;
				GCC_WARN_UNUSED_VARIABLE = YES;
				IPHONEOS_DEPLOYMENT_TARGET = 10.2;
				MTL_ENABLE_DEBUG_INFO = YES;
				ONLY_ACTIVE_ARCH = YES;
				SDKROOT = iphoneos;
				TARGETED_DEVICE_FAMILY = "1,2";
			};
			name = Debug;
		};
		00AE64491E84DED500E14E2A /* Release */ = {
			isa = XCBuildConfiguration;
			buildSettings = {
				ALWAYS_SEARCH_USER_PATHS = NO;
				CLANG_ANALYZER_NONNULL = YES;
				CLANG_CXX_LANGUAGE_STANDARD = "gnu++0x";
				CLANG_CXX_LIBRARY = "libc++";
				CLANG_ENABLE_MODULES = YES;
				CLANG_ENABLE_OBJC_ARC = YES;
				CLANG_WARN_BOOL_CONVERSION = YES;
				CLANG_WARN_CONSTANT_CONVERSION = YES;
				CLANG_WARN_DIRECT_OBJC_ISA_USAGE = YES_ERROR;
				CLANG_WARN_DOCUMENTATION_COMMENTS = YES;
				CLANG_WARN_EMPTY_BODY = YES;
				CLANG_WARN_ENUM_CONVERSION = YES;
				CLANG_WARN_INFINITE_RECURSION = YES;
				CLANG_WARN_INT_CONVERSION = YES;
				CLANG_WARN_OBJC_ROOT_CLASS = YES_ERROR;
				CLANG_WARN_SUSPICIOUS_MOVE = YES;
				CLANG_WARN_UNREACHABLE_CODE = YES;
				CLANG_WARN__DUPLICATE_METHOD_MATCH = YES;
				"CODE_SIGN_IDENTITY[sdk=iphoneos*]" = "iPhone Developer";
				COPY_PHASE_STRIP = NO;
				DEBUG_INFORMATION_FORMAT = "dwarf-with-dsym";
				ENABLE_NS_ASSERTIONS = NO;
				ENABLE_STRICT_OBJC_MSGSEND = YES;
				GCC_C_LANGUAGE_STANDARD = gnu99;
				GCC_NO_COMMON_BLOCKS = YES;
				GCC_WARN_64_TO_32_BIT_CONVERSION = YES;
				GCC_WARN_ABOUT_RETURN_TYPE = YES_ERROR;
				GCC_WARN_UNDECLARED_SELECTOR = YES;
				GCC_WARN_UNINITIALIZED_AUTOS = YES_AGGRESSIVE;
				GCC_WARN_UNUSED_FUNCTION = YES;
				GCC_WARN_UNUSED_VARIABLE = YES;
				IPHONEOS_DEPLOYMENT_TARGET = 10.2;
				MTL_ENABLE_DEBUG_INFO = NO;
				SDKROOT = iphoneos;
				TARGETED_DEVICE_FAMILY = "1,2";
				VALIDATE_PRODUCT = YES;
			};
			name = Release;
		};
		00AE644B1E84DED500E14E2A /* Debug */ = {
			isa = XCBuildConfiguration;
			baseConfigurationReference = 1036228CD93B22EC8B9CBDB2 /* Pods-CCStat.debug.xcconfig */;
			buildSettings = {
				ASSETCATALOG_COMPILER_APPICON_NAME = AppIcon;
				INFOPLIST_FILE = CCStat/Info.plist;
				LD_RUNPATH_SEARCH_PATHS = "$(inherited) @executable_path/Frameworks";
				PRODUCT_BUNDLE_IDENTIFIER = com.cc.CCStat;
				PRODUCT_NAME = "$(TARGET_NAME)";
			};
			name = Debug;
		};
		00AE644C1E84DED500E14E2A /* Release */ = {
			isa = XCBuildConfiguration;
			baseConfigurationReference = 80B49F1E5E286F798B3683FA /* Pods-CCStat.release.xcconfig */;
			buildSettings = {
				ASSETCATALOG_COMPILER_APPICON_NAME = AppIcon;
				INFOPLIST_FILE = CCStat/Info.plist;
				LD_RUNPATH_SEARCH_PATHS = "$(inherited) @executable_path/Frameworks";
				PRODUCT_BUNDLE_IDENTIFIER = com.cc.CCStat;
				PRODUCT_NAME = "$(TARGET_NAME)";
			};
			name = Release;
		};
/* End XCBuildConfiguration section */

/* Begin XCConfigurationList section */
		00AE642E1E84DED500E14E2A /* Build configuration list for PBXProject "CCStat" */ = {
			isa = XCConfigurationList;
			buildConfigurations = (
				00AE64481E84DED500E14E2A /* Debug */,
				00AE64491E84DED500E14E2A /* Release */,
			);
			defaultConfigurationIsVisible = 0;
			defaultConfigurationName = Release;
		};
		00AE644A1E84DED500E14E2A /* Build configuration list for PBXNativeTarget "CCStat" */ = {
			isa = XCConfigurationList;
			buildConfigurations = (
				00AE644B1E84DED500E14E2A /* Debug */,
				00AE644C1E84DED500E14E2A /* Release */,
			);
			defaultConfigurationIsVisible = 0;
			defaultConfigurationName = Release;
		};
/* End XCConfigurationList section */
	};
	rootObject = 00AE642B1E84DED500E14E2A /* Project object */;
}
